
Microsoft Visual Studio Solution File, Format Version 12.00
# Visual Studio Version 16
VisualStudioVersion = 16.0.31313.381
MinimumVisualStudioVersion = 10.0.40219.1
Project("{FAE04EC0-301F-11D3-BF4B-00C04F79EFBC}") = "SharpyExample.Core", "SharpyExample.Core\SharpyExample.Core.csproj", "{32DA3853-5C5C-49B4-8F28-DB6825FCADEA}"
EndProject
Global
	GlobalSection(SolutionConfigurationPlatforms) = preSolution
		Debug|Any CPU = Debug|Any CPU
		Release|Any CPU = Release|Any CPU
	EndGlobalSection
	GlobalSection(ProjectConfigurationPlatforms) = postSolution
		{32DA3853-5C5C-49B4-8F28-DB6825FCADEA}.Debug|Any CPU.ActiveCfg = Debug|Any CPU
		{32DA3853-5C5C-49B4-8F28-DB6825FCADEA}.Debug|Any CPU.Build.0 = Debug|Any CPU
		{32DA3853-5C5C-49B4-8F28-DB6825FCADEA}.Release|Any CPU.ActiveCfg = Release|Any CPU
		{32DA3853-5C5C-49B4-8F28-DB6825FCADEA}.Release|Any CPU.Build.0 = Release|Any CPU
	EndGlobalSection
	GlobalSection(SolutionProperties) = preSolution
		HideSolutionNode = FALSE
	EndGlobalSection
	GlobalSection(ExtensibilityGlobals) = postSolution
		SolutionGuid = {514F94E2-8B06-4F1B-9C5D-E4B45803A432}
	EndGlobalSection
EndGlobal
